lockVersion: 2.0.0
id: d19d98d5-6b19-4402-8e6b-f63f136776b8
management:
  docChecksum: ebef4b39bbf5381d42a4154c3b95b0c3
  docVersion: 0.0.0
  speakeasyVersion: internal
  generationVersion: 2.272.7
  releaseVersion: 0.28.3
  configChecksum: 9884df39e86bdfb364e4e9896b94a9ed
  repoURL: https://github.com/speakeasy-sdks/sensible-node-sdk.git
  repoSubDirectory: .
  installationURL: https://github.com/speakeasy-sdks/sensible-node-sdk
  published: true
features:
  typescript:
    acceptHeaders: 2.81.1
    core: 3.4.8
    flattening: 2.81.1
    globalSecurity: 2.82.4
    globalServerURLs: 2.82.1
generatedFiles:
  - src/sdk/results.ts
  - src/sdk/document.ts
  - src/sdk/portfolio.ts
  - src/sdk/pdf.ts
  - src/sdk/sdk.ts
  - .eslintrc.yml
  - jest.config.js
  - package-lock.json
  - package.json
  - src/index.ts
  - src/internal/utils/contenttype.ts
  - src/internal/utils/headers.ts
  - src/internal/utils/index.ts
  - src/internal/utils/pathparams.ts
  - src/internal/utils/queryparams.ts
  - src/internal/utils/requestbody.ts
  - src/internal/utils/retries.ts
  - src/internal/utils/security.ts
  - src/internal/utils/utils.ts
  - src/sdk/index.ts
  - src/sdk/models/errors/sdkerror.ts
  - src/sdk/types/index.ts
  - src/sdk/types/rfcdate.ts
  - tsconfig.json
  - src/sdk/models/operations/retrieve.ts
  - src/sdk/models/operations/extractdatajson.ts
  - src/sdk/models/operations/extractdataraw.ts
  - src/sdk/models/operations/generateuploadurl.ts
  - src/sdk/models/operations/providedownloadurl.ts
  - src/sdk/models/operations/generatesensibleportfoliourl.ts
  - src/sdk/models/operations/generateyourportfoliourl.ts
  - src/sdk/models/operations/getcsvextraction.ts
  - src/sdk/models/operations/getexcelextraction.ts
  - src/sdk/models/shared/extractionsingleresponse.ts
  - src/sdk/models/shared/validation.ts
  - src/sdk/models/shared/validationssummary.ts
  - src/sdk/models/shared/extractionstatus.ts
  - src/sdk/models/shared/parseddocument.ts
  - src/sdk/models/shared/filemetadata.ts
  - src/sdk/models/shared/classification.ts
  - src/sdk/models/shared/score.ts
  - src/sdk/models/shared/environment.ts
  - src/sdk/models/shared/encodedpdf.ts
  - src/sdk/models/shared/uploadresponse.ts
  - src/sdk/models/shared/generateurlrequest.ts
  - src/sdk/models/shared/webhook.ts
  - src/sdk/models/shared/contenttype.ts
  - src/sdk/models/shared/extractfromurlresponse.ts
  - src/sdk/models/shared/extractfromurlrequest.ts
  - src/sdk/models/shared/uploadportfolioresponse.ts
  - src/sdk/models/shared/extractfromurlportfolioresponse.ts
  - src/sdk/models/shared/security.ts
  - src/sdk/models/errors/index.ts
  - src/sdk/models/operations/index.ts
  - src/sdk/models/shared/index.ts
  - docs/sdk/models/operations/retrieverequest.md
  - docs/sdk/models/operations/retrieveresponse.md
  - docs/sdk/models/operations/extractdatajsonrequest.md
  - docs/sdk/models/operations/extractdatajsonresponse.md
  - docs/sdk/models/operations/extractdatarawrequest.md
  - docs/sdk/models/operations/extractdatarawresponse.md
  - docs/sdk/models/operations/generateuploadurlrequest.md
  - docs/sdk/models/operations/generateuploadurlresponse.md
  - docs/sdk/models/operations/providedownloadurlrequest.md
  - docs/sdk/models/operations/providedownloadurlresponse.md
  - docs/sdk/models/operations/generatesensibleportfoliourlrequestbody.md
  - docs/sdk/models/operations/generatesensibleportfoliourlrequest.md
  - docs/sdk/models/operations/generatesensibleportfoliourlresponse.md
  - docs/sdk/models/operations/generateyourportfoliourlrequestbody.md
  - docs/sdk/models/operations/generateyourportfoliourlrequest.md
  - docs/sdk/models/operations/generateyourportfoliourlresponse.md
  - docs/sdk/models/operations/getcsvextractionrequest.md
  - docs/sdk/models/operations/getcsvextractionresponsebody.md
  - docs/sdk/models/operations/getcsvextractionresponse.md
  - docs/sdk/models/operations/getexcelextractionrequest.md
  - docs/sdk/models/operations/getexcelextractionresponsebody.md
  - docs/sdk/models/operations/getexcelextractionresponse.md
  - docs/sdk/models/shared/extractionsingleresponse.md
  - docs/sdk/models/shared/severity.md
  - docs/sdk/models/shared/validation.md
  - docs/sdk/models/shared/validationssummary.md
  - docs/sdk/models/shared/extractionstatus.md
  - docs/sdk/models/shared/parseddocument.md
  - docs/sdk/models/shared/info.md
  - docs/sdk/models/shared/metadata.md
  - docs/sdk/models/shared/filemetadata.md
  - docs/sdk/models/shared/classification.md
  - docs/sdk/models/shared/score.md
  - docs/sdk/models/shared/environment.md
  - docs/sdk/models/shared/encodedpdf.md
  - docs/sdk/models/shared/uploadresponse.md
  - docs/sdk/models/shared/generateurlrequest.md
  - docs/sdk/models/shared/webhook.md
  - docs/sdk/models/shared/contenttype.md
  - docs/sdk/models/shared/extractfromurlresponse.md
  - docs/sdk/models/shared/extractfromurlrequest.md
  - docs/sdk/models/shared/uploadportfolioresponse.md
  - docs/sdk/models/shared/extractfromurlportfolioresponse.md
  - docs/sdk/models/shared/security.md
  - docs/sdks/sensible/README.md
  - docs/sdks/results/README.md
  - docs/sdks/document/README.md
  - docs/sdks/portfolio/README.md
  - docs/sdks/pdf/README.md
  - USAGE.md
  - .gitattributes
